{
  "version": 1,
  "dependencies": {
    "net8.0": {
      "Microsoft.NET.ILLink.Tasks": {
        "type": "Direct",
        "requested": "[8.0.26, )",
        "resolved": "8.0.26",
        "contentHash": "o7/yVssM2r9Wyln2s9edBd5ANZXqdSdBI+g7JqXkyJmXrhs2WsJp25K5yPnYrTgdKBCjKB8bg+O2oew4sgzFaA=="
      },
      "Nerdbank.GitVersioning": {
        "type": "Direct",
        "requested": "[3.7.115, )",
        "resolved": "3.7.115",
        "contentHash": "EpXamaAdRfG/BMxGgvZlTM0npRnkmXUjAj8OdNKd17t4oN+2nvjdv/KnFmzOOMDqvlwB49UCwtOHJrAQTfUBtQ=="
      }
    },
    "net9.0": {
      "Microsoft.NET.ILLink.Tasks": {
        "type": "Direct",
        "requested": "[9.0.15, )",
        "resolved": "9.0.15",
        "contentHash": "EejcbfCMR77Dthy77qxRbEShmzLApHZUPqXMBVQK+A0pNrRThkaHoGGMGvbq/gTkC/waKcDEgjBkbaejB58Wtw=="
      },
      "Nerdbank.GitVersioning": {
        "type": "Direct",
        "requested": "[3.7.115, )",
        "resolved": "3.7.115",
        "contentHash": "EpXamaAdRfG/BMxGgvZlTM0npRnkmXUjAj8OdNKd17t4oN+2nvjdv/KnFmzOOMDqvlwB49UCwtOHJrAQTfUBtQ=="
      }
    }
  }
}