{
  "version": 1,
  "dependencies": {
    "net6.0": {
      "Nerdbank.GitVersioning": {
        "type": "Direct",
        "requested": "[3.6.133, )",
        "resolved": "3.6.133",
        "contentHash": "VZWMd5YAeDxpjWjAP/X6bAxnRMiEf6tES/ITN0X5CHJgkWLLeHGmEALivmTAfYM6P+P/3Szy6VCITUAkqjcHVw=="
      },
      "PolySharp": {
        "type": "Direct",
        "requested": "[1.14.1, )",
        "resolved": "1.14.1",
        "contentHash": "mOOmFYwad3MIOL14VCjj02LljyF1GNw1wP0YVlxtcPvqdxjGGMNdNJJxHptlry3MOd8b40Flm8RPOM8JOlN2sQ=="
      }
    },
    "net8.0": {
      "Nerdbank.GitVersioning": {
        "type": "Direct",
        "requested": "[3.6.133, )",
        "resolved": "3.6.133",
        "contentHash": "VZWMd5YAeDxpjWjAP/X6bAxnRMiEf6tES/ITN0X5CHJgkWLLeHGmEALivmTAfYM6P+P/3Szy6VCITUAkqjcHVw=="
      },
      "PolySharp": {
        "type": "Direct",
        "requested": "[1.14.1, )",
        "resolved": "1.14.1",
        "contentHash": "mOOmFYwad3MIOL14VCjj02LljyF1GNw1wP0YVlxtcPvqdxjGGMNdNJJxHptlry3MOd8b40Flm8RPOM8JOlN2sQ=="
      }
    }
  }
}